<?xml version="1.0" encoding="utf-8"?>
<Project ToolsVersion="4.0" xmlns="http://schemas.microsoft.com/developer/msbuild/2003">
  <ItemGroup>
    <Filter Include="Arquivos de Origem">
      <UniqueIdentifier>{4FC737F1-C7A5-4376-A066-2A32D752A2FF}</UniqueIdentifier>
      <Extensions>cpp;c;cc;cxx;c++;cppm;ixx;def;odl;idl;hpj;bat;asm;asmx</Extensions>
    </Filter>
    <Filter Include="Arquivos de Cabeçalho">
      <UniqueIdentifier>{93995380-89BD-4b04-88EB-625FBE52EBFB}</UniqueIdentifier>
      <Extensions>h;hh;hpp;hxx;h++;hm;inl;inc;ipp;xsd</Extensions>
    </Filter>
    <Filter Include="Arquivos de Recurso">
      <UniqueIdentifier>{67DA6AB6-F800-4c08-8B7A-83BB121AAD01}</UniqueIdentifier>
      <Extensions>rc;ico;cur;bmp;dlg;rc2;rct;bin;rgs;gif;jpg;jpeg;jpe;resx;tiff;tif;png;wav;mfcribbon-ms</Extensions>
    </Filter>
    <Filter Include="Arquivos de Origem\shaders">
      <UniqueIdentifier>{274a64c9-2bea-40cd-b5f3-ea55f6142eb1}</UniqueIdentifier>
    </Filter>
  </ItemGroup>
  <ItemGroup>
    <None Include="shaders\depth_2d_skinned_vert.glsl">
      <Filter>Arquivos de Origem\shaders</Filter>
    </None>
    <None Include="shaders\depth_2d_static_vert.glsl">
      <Filter>Arquivos de Origem\shaders</Filter>
    </None>
    <None Include="shaders\depth_cube_skinned_vert.glsl">
      <Filter>Arquivos de Origem\shaders</Filter>
    </None>
    <None Include="shaders\depth_cube_static_vert.glsl">
      <Filter>Arquivos de Origem\shaders</Filter>
    </None>
    <None Include="shaders\depth_fragment.glsl">
      <Filter>Arquivos de Origem\shaders</Filter>
    </None>
    <None Include="shaders\fragment.glsl">
      <Filter>Arquivos de Origem\shaders</Filter>
    </None>
    <None Include="shaders\image_fragment.glsl">
      <Filter>Arquivos de Origem\shaders</Filter>
    </None>
    <None Include="shaders\image_vertex.glsl">
      <Filter>Arquivos de Origem\shaders</Filter>
    </None>
    <None Include="shaders\vertex_skinned.glsl">
      <Filter>Arquivos de Origem\shaders</Filter>
    </None>
    <None Include="shaders\vertex_static.glsl">
      <Filter>Arquivos de Origem\shaders</Filter>
    </None>
  </ItemGroup>
  <ItemGroup>
    <ClCompile Include="source\core.cpp">
      <Filter>Arquivos de Origem</Filter>
    </ClCompile>
    <ClCompile Include="source\stb_image.cpp">
      <Filter>Arquivos de Origem</Filter>
    </ClCompile>
    <ClCompile Include="source\stb_image_write.cpp">
      <Filter>Arquivos de Origem</Filter>
    </ClCompile>
    <ClCompile Include="source\tiny_gltf.cpp">
      <Filter>Arquivos de Origem</Filter>
    </ClCompile>
    <ClCompile Include="source\main.cpp">
      <Filter>Arquivos de Origem</Filter>
    </ClCompile>
  </ItemGroup>
  <ItemGroup>
    <ClInclude Include="source\FiscionCore.h">
      <Filter>Arquivos de Origem</Filter>
    </ClInclude>
  </ItemGroup>
</Project>